// !$*UTF8*$!
{
	archiveVersion = 1;
	classes = {
	};
	objectVersion = 46;
	objects = {

/* Begin PBXBuildFile section */
		120FF3BE1B615B8459AC6693 /* libPods-ClozbzUITests.a in Frameworks */ = {isa = PBXBuildFile; fileRef = 5D15A169B02E9E7DB100D5EC /* libPods-ClozbzUITests.a */; };
		32089FB91E7D5C67009B3F87 /* CRToastConfig.m in Sources */ = {isa = PBXBuildFile; fileRef = 32089FAF1E7D5C66009B3F87 /* CRToastConfig.m */; };
		32089FBA1E7D5C67009B3F87 /* CRToastManager.m in Sources */ = {isa = PBXBuildFile; fileRef = 32089FB21E7D5C66009B3F87 /* CRToastManager.m */; };
		32089FBB1E7D5C67009B3F87 /* CRToastView.m in Sources */ = {isa = PBXBuildFile; fileRef = 32089FB41E7D5C66009B3F87 /* CRToastView.m */; };
		32089FBC1E7D5C67009B3F87 /* CRToastViewController.m in Sources */ = {isa = PBXBuildFile; fileRef = 32089FB61E7D5C66009B3F87 /* CRToastViewController.m */; };
		32089FBD1E7D5C67009B3F87 /* CRToastWindow.m in Sources */ = {isa = PBXBuildFile; fileRef = 32089FB81E7D5C66009B3F87 /* CRToastWindow.m */; };
		32089FC01E7D6508009B3F87 /* GoogleService-Info.plist in Resources */ = {isa = PBXBuildFile; fileRef = 32089FBF1E7D6508009B3F87 /* GoogleService-Info.plist */; };
		32089FC41E7D94FA009B3F87 /* Dashboard_page.m in Sources */ = {isa = PBXBuildFile; fileRef = 32089FC21E7D94FA009B3F87 /* Dashboard_page.m */; };
		32089FC51E7D94FA009B3F87 /* Dashboard_page.xib in Resources */ = {isa = PBXBuildFile; fileRef = 32089FC31E7D94FA009B3F87 /* Dashboard_page.xib */; };
		323084921E7AF20C002E1D8F /* main.m in Sources */ = {isa = PBXBuildFile; fileRef = 323084911E7AF20C002E1D8F /* main.m */; };
		323084951E7AF20C002E1D8F /* AppDelegate.m in Sources */ = {isa = PBXBuildFile; fileRef = 323084941E7AF20C002E1D8F /* AppDelegate.m */; };
		323084981E7AF20C002E1D8F /* ViewController.m in Sources */ = {isa = PBXBuildFile; fileRef = 323084971E7AF20C002E1D8F /* ViewController.m */; };
		3230849B1E7AF20C002E1D8F /* Main.storyboard in Resources */ = {isa = PBXBuildFile; fileRef = 323084991E7AF20C002E1D8F /* Main.storyboard */; };
		3230849E1E7AF20C002E1D8F /* Clozbz.xcdatamodeld in Sources */ = {isa = PBXBuildFile; fileRef = 3230849C1E7AF20C002E1D8F /* Clozbz.xcdatamodeld */; };
		323084A01E7AF20C002E1D8F /* Assets.xcassets in Resources */ = {isa = PBXBuildFile; fileRef = 3230849F1E7AF20C002E1D8F /* Assets.xcassets */; };
		323084A31E7AF20C002E1D8F /* LaunchScreen.storyboard in Resources */ = {isa = PBXBuildFile; fileRef = 323084A11E7AF20C002E1D8F /* LaunchScreen.storyboard */; };
		323084AE1E7AF20D002E1D8F /* ClozbzTests.m in Sources */ = {isa = PBXBuildFile; fileRef = 323084AD1E7AF20D002E1D8F /* ClozbzTests.m */; };
		323084B91E7AF20D002E1D8F /* ClozbzUITests.m in Sources */ = {isa = PBXBuildFile; fileRef = 323084B81E7AF20D002E1D8F /* ClozbzUITests.m */; };
		323084C71E7AFC7E002E1D8F /* login_bg.jpg in Resources */ = {isa = PBXBuildFile; fileRef = 323084C61E7AFC7E002E1D8F /* login_bg.jpg */; };
		323084CA1E7AFDAB002E1D8F /* UIFloatLabelTextField.m in Sources */ = {isa = PBXBuildFile; fileRef = 323084C91E7AFDAB002E1D8F /* UIFloatLabelTextField.m */; };
		323084D41E7B06C3002E1D8F /* Registration.m in Sources */ = {isa = PBXBuildFile; fileRef = 323084D21E7B06C3002E1D8F /* Registration.m */; };
		323084D51E7B06C3002E1D8F /* Registration.xib in Resources */ = {isa = PBXBuildFile; fileRef = 323084D31E7B06C3002E1D8F /* Registration.xib */; };
		3235639A1E98FACE00C26449 /* add_post.png in Resources */ = {isa = PBXBuildFile; fileRef = 323563981E98FACD00C26449 /* add_post.png */; };
		3235639B1E98FACF00C26449 /* filter.png in Resources */ = {isa = PBXBuildFile; fileRef = 323563991E98FACE00C26449 /* filter.png */; };
		32942D9E1E8172BA000A416F /* YLGIFImage.m in Sources */ = {isa = PBXBuildFile; fileRef = 32942D9B1E8172BA000A416F /* YLGIFImage.m */; };
		32942D9F1E8172BA000A416F /* YLImageView.m in Sources */ = {isa = PBXBuildFile; fileRef = 32942D9D1E8172BA000A416F /* YLImageView.m */; };
		32942DA31E8173B3000A416F /* loading_players.gif in Resources */ = {isa = PBXBuildFile; fileRef = 32942DA11E8173B3000A416F /* loading_players.gif */; };
		32942DA41E8173B3000A416F /* splash.jpg in Resources */ = {isa = PBXBuildFile; fileRef = 32942DA21E8173B3000A416F /* splash.jpg */; };
		32DFBC901E84C6010064D9E0 /* CoreLocation.framework in Frameworks */ = {isa = PBXBuildFile; fileRef = 32DFBC8F1E84C6000064D9E0 /* CoreLocation.framework */; };
		32DFBC921E84C6080064D9E0 /* LocalAuthentication.framework in Frameworks */ = {isa = PBXBuildFile; fileRef = 32DFBC911E84C6080064D9E0 /* LocalAuthentication.framework */; };
		32EBF4AC1E940DCC0050D6DE /* Pic_Cell.xib in Resources */ = {isa = PBXBuildFile; fileRef = 32EBF4A91E940DCC0050D6DE /* Pic_Cell.xib */; };
		32EBF4AD1E940DCC0050D6DE /* Pic_Cell.m in Sources */ = {isa = PBXBuildFile; fileRef = 32EBF4AA1E940DCC0050D6DE /* Pic_Cell.m */; };
		32EBF4B11E949AE80050D6DE /* Post_Add.m in Sources */ = {isa = PBXBuildFile; fileRef = 32EBF4AF1E949AE80050D6DE /* Post_Add.m */; };
		32EBF4B21E949AE80050D6DE /* Post_Add.xib in Resources */ = {isa = PBXBuildFile; fileRef = 32EBF4B01E949AE80050D6DE /* Post_Add.xib */; };
		6B6831C21E84E930000E2965 /* Home_ViewController.m in Sources */ = {isa = PBXBuildFile; fileRef = 6B6831C01E84E930000E2965 /* Home_ViewController.m */; };
		6B6831C31E84E930000E2965 /* Home_ViewController.xib in Resources */ = {isa = PBXBuildFile; fileRef = 6B6831C11E84E930000E2965 /* Home_ViewController.xib */; };
		6B6831C51E84EAC9000E2965 /* arrow_3x.png in Resources */ = {isa = PBXBuildFile; fileRef = 6B6831C41E84EAC9000E2965 /* arrow_3x.png */; };
		6B7B940E1E8A337B00D32B7D /* JMOTableViewCell.xib in Resources */ = {isa = PBXBuildFile; fileRef = 6B7B940C1E8A337B00D32B7D /* JMOTableViewCell.xib */; };
		6B7B940F1E8A337B00D32B7D /* JMOTableViewCell.m in Sources */ = {isa = PBXBuildFile; fileRef = 6B7B940D1E8A337B00D32B7D /* JMOTableViewCell.m */; };
		6B7B94121E8A350200D32B7D /* searchPopupVIew.m in Sources */ = {isa = PBXBuildFile; fileRef = 6B7B94101E8A350200D32B7D /* searchPopupVIew.m */; };
		6B7B94141E8A477300D32B7D /* 240_male.png in Resources */ = {isa = PBXBuildFile; fileRef = 6B7B94131E8A477300D32B7D /* 240_male.png */; };
		6B7B94161E8A4BC800D32B7D /* menu_3x.png in Resources */ = {isa = PBXBuildFile; fileRef = 6B7B94151E8A4BC800D32B7D /* menu_3x.png */; };
		7D7F35149FEF7652732FC92A /* libPods-Clozbz.a in Frameworks */ = {isa = PBXBuildFile; fileRef = 46AE8902D62DDE7E418F38E2 /* libPods-Clozbz.a */; };
		81B7519B99CADBF60DC0FF8B /* libPods-ClozbzTests.a in Frameworks */ = {isa = PBXBuildFile; fileRef = DF92C8A95A97B9EDF402D1C1 /* libPods-ClozbzTests.a */; };
/* End PBXBuildFile section */

/* Begin PBXContainerItemProxy section */
		323084AA1E7AF20D002E1D8F /* PBXContainerItemProxy */ = {
			isa = PBXContainerItemProxy;
			containerPortal = 323084851E7AF208002E1D8F /* Project object */;
			proxyType = 1;
			remoteGlobalIDString = 3230848C1E7AF208002E1D8F;
			remoteInfo = Clozbz;
		};
		323084B51E7AF20D002E1D8F /* PBXContainerItemProxy */ = {
			isa = PBXContainerItemProxy;
			containerPortal = 323084851E7AF208002E1D8F /* Project object */;
			proxyType = 1;
			remoteGlobalIDString = 3230848C1E7AF208002E1D8F;
			remoteInfo = Clozbz;
		};
/* End PBXContainerItemProxy section */

/* Begin PBXFileReference section */
		03140BB0519283DBB507F757 /* Pods-Clozbz.debug.xcconfig */ = {isa = PBXFileReference; includeInIndex = 1; lastKnownFileType = text.xcconfig; name = "Pods-Clozbz.debug.xcconfig"; path = "Pods/Target Support Files/Pods-Clozbz/Pods-Clozbz.debug.xcconfig"; sourceTree = "<group>"; };
		052F66178C153B88745A5D83 /* Pods-ClozbzTests.release.xcconfig */ = {isa = PBXFileReference; includeInIndex = 1; lastKnownFileType = text.xcconfig; name = "Pods-ClozbzTests.release.xcconfig"; path = "Pods/Target Support Files/Pods-ClozbzTests/Pods-ClozbzTests.release.xcconfig"; sourceTree = "<group>"; };
		32089FAE1E7D5C66009B3F87 /* CRToastConfig.h */ = {isa = PBXFileReference; fileEncoding = 4; lastKnownFileType = sourcecode.c.h; path = CRToastConfig.h; sourceTree = "<group>"; };
		32089FAF1E7D5C66009B3F87 /* CRToastConfig.m */ = {isa = PBXFileReference; fileEncoding = 4; lastKnownFileType = sourcecode.c.objc; path = CRToastConfig.m; sourceTree = "<group>"; };
		32089FB01E7D5C66009B3F87 /* CRToastLayoutHelpers.h */ = {isa = PBXFileReference; fileEncoding = 4; lastKnownFileType = sourcecode.c.h; path = CRToastLayoutHelpers.h; sourceTree = "<group>"; };
		32089FB11E7D5C66009B3F87 /* CRToastManager.h */ = {isa = PBXFileReference; fileEncoding = 4; lastKnownFileType = sourcecode.c.h; path = CRToastManager.h; sourceTree = "<group>"; };
		32089FB21E7D5C66009B3F87 /* CRToastManager.m */ = {isa = PBXFileReference; fileEncoding = 4; lastKnownFileType = sourcecode.c.objc; path = CRToastManager.m; sourceTree = "<group>"; };
		32089FB31E7D5C66009B3F87 /* CRToastView.h */ = {isa = PBXFileReference; fileEncoding = 4; lastKnownFileType = sourcecode.c.h; path = CRToastView.h; sourceTree = "<group>"; };
		32089FB41E7D5C66009B3F87 /* CRToastView.m */ = {isa = PBXFileReference; fileEncoding = 4; lastKnownFileType = sourcecode.c.objc; path = CRToastView.m; sourceTree = "<group>"; };
		32089FB51E7D5C66009B3F87 /* CRToastViewController.h */ = {isa = PBXFileReference; fileEncoding = 4; lastKnownFileType = sourcecode.c.h; path = CRToastViewController.h; sourceTree = "<group>"; };
		32089FB61E7D5C66009B3F87 /* CRToastViewController.m */ = {isa = PBXFileReference; fileEncoding = 4; lastKnownFileType = sourcecode.c.objc; path = CRToastViewController.m; sourceTree = "<group>"; };
		32089FB71E7D5C66009B3F87 /* CRToastWindow.h */ = {isa = PBXFileReference; fileEncoding = 4; lastKnownFileType = sourcecode.c.h; path = CRToastWindow.h; sourceTree = "<group>"; };
		32089FB81E7D5C66009B3F87 /* CRToastWindow.m */ = {isa = PBXFileReference; fileEncoding = 4; lastKnownFileType = sourcecode.c.objc; path = CRToastWindow.m; sourceTree = "<group>"; };
		32089FBF1E7D6508009B3F87 /* GoogleService-Info.plist */ = {isa = PBXFileReference; fileEncoding = 4; lastKnownFileType = text.plist.xml; path = "GoogleService-Info.plist"; sourceTree = "<group>"; };
		32089FC11E7D94F9009B3F87 /* Dashboard_page.h */ = {isa = PBXFileReference; fileEncoding = 4; lastKnownFileType = sourcecode.c.h; path = Dashboard_page.h; sourceTree = "<group>"; };
		32089FC21E7D94FA009B3F87 /* Dashboard_page.m */ = {isa = PBXFileReference; fileEncoding = 4; lastKnownFileType = sourcecode.c.objc; path = Dashboard_page.m; sourceTree = "<group>"; };
		32089FC31E7D94FA009B3F87 /* Dashboard_page.xib */ = {isa = PBXFileReference; fileEncoding = 4; lastKnownFileType = file.xib; path = Dashboard_page.xib; sourceTree = "<group>"; };
		32089FC61E7F8B3B009B3F87 /* Clozbz.entitlements */ = {isa = PBXFileReference; lastKnownFileType = text.plist.entitlements; path = Clozbz.entitlements; sourceTree = "<group>"; };
		3230848D1E7AF20C002E1D8F /* Clozbz.app */ = {isa = PBXFileReference; explicitFileType = wrapper.application; includeInIndex = 0; path = Clozbz.app; sourceTree = BUILT_PRODUCTS_DIR; };
		323084911E7AF20C002E1D8F /* main.m */ = {isa = PBXFileReference; lastKnownFileType = sourcecode.c.objc; path = main.m; sourceTree = "<group>"; };
		323084931E7AF20C002E1D8F /* AppDelegate.h */ = {isa = PBXFileReference; lastKnownFileType = sourcecode.c.h; path = AppDelegate.h; sourceTree = "<group>"; };
		323084941E7AF20C002E1D8F /* AppDelegate.m */ = {isa = PBXFileReference; lastKnownFileType = sourcecode.c.objc; path = AppDelegate.m; sourceTree = "<group>"; };
		323084961E7AF20C002E1D8F /* ViewController.h */ = {isa = PBXFileReference; lastKnownFileType = sourcecode.c.h; path = ViewController.h; sourceTree = "<group>"; };
		323084971E7AF20C002E1D8F /* ViewController.m */ = {isa = PBXFileReference; lastKnownFileType = sourcecode.c.objc; path = ViewController.m; sourceTree = "<group>"; };
		3230849A1E7AF20C002E1D8F /* Base */ = {isa = PBXFileReference; lastKnownFileType = file.storyboard; name = Base; path = Base.lproj/Main.storyboard; sourceTree = "<group>"; };
		3230849D1E7AF20C002E1D8F /* Clozbz.xcdatamodel */ = {isa = PBXFileReference; lastKnownFileType = wrapper.xcdatamodel; path = Clozbz.xcdatamodel; sourceTree = "<group>"; };
		3230849F1E7AF20C002E1D8F /* Assets.xcassets */ = {isa = PBXFileReference; lastKnownFileType = folder.assetcatalog; path = Assets.xcassets; sourceTree = "<group>"; };
		323084A21E7AF20C002E1D8F /* Base */ = {isa = PBXFileReference; lastKnownFileType = file.storyboard; name = Base; path = Base.lproj/LaunchScreen.storyboard; sourceTree = "<group>"; };
		323084A41E7AF20C002E1D8F /* Info.plist */ = {isa = PBXFileReference; lastKnownFileType = text.plist.xml; path = Info.plist; sourceTree = "<group>"; };
		323084A91E7AF20D002E1D8F /* ClozbzTests.xctest */ = {isa = PBXFileReference; explicitFileType = wrapper.cfbundle; includeInIndex = 0; path = ClozbzTests.xctest; sourceTree = BUILT_PRODUCTS_DIR; };
		323084AD1E7AF20D002E1D8F /* ClozbzTests.m */ = {isa = PBXFileReference; lastKnownFileType = sourcecode.c.objc; path = ClozbzTests.m; sourceTree = "<group>"; };
		323084AF1E7AF20D002E1D8F /* Info.plist */ = {isa = PBXFileReference; lastKnownFileType = text.plist.xml; path = Info.plist; sourceTree = "<group>"; };
		323084B41E7AF20D002E1D8F /* ClozbzUITests.xctest */ = {isa = PBXFileReference; explicitFileType = wrapper.cfbundle; includeInIndex = 0; path = ClozbzUITests.xctest; sourceTree = BUILT_PRODUCTS_DIR; };
		323084B81E7AF20D002E1D8F /* ClozbzUITests.m */ = {isa = PBXFileReference; lastKnownFileType = sourcecode.c.objc; path = ClozbzUITests.m; sourceTree = "<group>"; };
		323084BA1E7AF20D002E1D8F /* Info.plist */ = {isa = PBXFileReference; lastKnownFileType = text.plist.xml; path = Info.plist; sourceTree = "<group>"; };
		323084C61E7AFC7E002E1D8F /* login_bg.jpg */ = {isa = PBXFileReference; lastKnownFileType = image.jpeg; path = login_bg.jpg; sourceTree = "<group>"; };
		323084C81E7AFDAB002E1D8F /* UIFloatLabelTextField.h */ = {isa = PBXFileReference; fileEncoding = 4; lastKnownFileType = sourcecode.c.h; path = UIFloatLabelTextField.h; sourceTree = "<group>"; };
		323084C91E7AFDAB002E1D8F /* UIFloatLabelTextField.m */ = {isa = PBXFileReference; fileEncoding = 4; lastKnownFileType = sourcecode.c.objc; path = UIFloatLabelTextField.m; sourceTree = "<group>"; };
		323084D11E7B06C3002E1D8F /* Registration.h */ = {isa = PBXFileReference; fileEncoding = 4; lastKnownFileType = sourcecode.c.h; path = Registration.h; sourceTree = "<group>"; };
		323084D21E7B06C3002E1D8F /* Registration.m */ = {isa = PBXFileReference; fileEncoding = 4; lastKnownFileType = sourcecode.c.objc; path = Registration.m; sourceTree = "<group>"; };
		323084D31E7B06C3002E1D8F /* Registration.xib */ = {isa = PBXFileReference; fileEncoding = 4; lastKnownFileType = file.xib; path = Registration.xib; sourceTree = "<group>"; };
		323563981E98FACD00C26449 /* add_post.png */ = {isa = PBXFileReference; lastKnownFileType = image.png; path = add_post.png; sourceTree = "<group>"; };
		323563991E98FACE00C26449 /* filter.png */ = {isa = PBXFileReference; lastKnownFileType = image.png; path = filter.png; sourceTree = "<group>"; };
		32942D9A1E8172BA000A416F /* YLGIFImage.h */ = {isa = PBXFileReference; fileEncoding = 4; lastKnownFileType = sourcecode.c.h; path = YLGIFImage.h; sourceTree = "<group>"; };
		32942D9B1E8172BA000A416F /* YLGIFImage.m */ = {isa = PBXFileReference; fileEncoding = 4; lastKnownFileType = sourcecode.c.objc; path = YLGIFImage.m; sourceTree = "<group>"; };
		32942D9C1E8172BA000A416F /* YLImageView.h */ = {isa = PBXFileReference; fileEncoding = 4; lastKnownFileType = sourcecode.c.h; path = YLImageView.h; sourceTree = "<group>"; };
		32942D9D1E8172BA000A416F /* YLImageView.m */ = {isa = PBXFileReference; fileEncoding = 4; lastKnownFileType = sourcecode.c.objc; path = YLImageView.m; sourceTree = "<group>"; };
		32942DA11E8173B3000A416F /* loading_players.gif */ = {isa = PBXFileReference; lastKnownFileType = image.gif; path = loading_players.gif; sourceTree = "<group>"; };
		32942DA21E8173B3000A416F /* splash.jpg */ = {isa = PBXFileReference; lastKnownFileType = image.jpeg; path = splash.jpg; sourceTree = "<group>"; };
		32DFBC8F1E84C6000064D9E0 /* CoreLocation.framework */ = {isa = PBXFileReference; lastKnownFileType = wrapper.framework; name = CoreLocation.framework; path = System/Library/Frameworks/CoreLocation.framework; sourceTree = SDKROOT; };
		32DFBC911E84C6080064D9E0 /* LocalAuthentication.framework */ = {isa = PBXFileReference; lastKnownFileType = wrapper.framework; name = LocalAuthentication.framework; path = System/Library/Frameworks/LocalAuthentication.framework; sourceTree = SDKROOT; };
		32EBF4A91E940DCC0050D6DE /* Pic_Cell.xib */ = {isa = PBXFileReference; fileEncoding = 4; lastKnownFileType = file.xib; path = Pic_Cell.xib; sourceTree = "<group>"; };
		32EBF4AA1E940DCC0050D6DE /* Pic_Cell.m */ = {isa = PBXFileReference; fileEncoding = 4; lastKnownFileType = sourcecode.c.objc; path = Pic_Cell.m; sourceTree = "<group>"; };
		32EBF4AB1E940DCC0050D6DE /* Pic_Cell.h */ = {isa = PBXFileReference; fileEncoding = 4; lastKnownFileType = sourcecode.c.h; path = Pic_Cell.h; sourceTree = "<group>"; };
		32EBF4AE1E949AE80050D6DE /* Post_Add.h */ = {isa = PBXFileReference; fileEncoding = 4; lastKnownFileType = sourcecode.c.h; path = Post_Add.h; sourceTree = "<group>"; };
		32EBF4AF1E949AE80050D6DE /* Post_Add.m */ = {isa = PBXFileReference; fileEncoding = 4; lastKnownFileType = sourcecode.c.objc; path = Post_Add.m; sourceTree = "<group>"; };
		32EBF4B01E949AE80050D6DE /* Post_Add.xib */ = {isa = PBXFileReference; fileEncoding = 4; lastKnownFileType = file.xib; path = Post_Add.xib; sourceTree = "<group>"; };
		46AE8902D62DDE7E418F38E2 /* libPods-Clozbz.a */ = {isa = PBXFileReference; explicitFileType = archive.ar; includeInIndex = 0; path = "libPods-Clozbz.a"; sourceTree = BUILT_PRODUCTS_DIR; };
		56E1592B7958BAC11E530273 /* Pods-Clozbz.release.xcconfig */ = {isa = PBXFileReference; includeInIndex = 1; lastKnownFileType = text.xcconfig; name = "Pods-Clozbz.release.xcconfig"; path = "Pods/Target Support Files/Pods-Clozbz/Pods-Clozbz.release.xcconfig"; sourceTree = "<group>"; };
		5D15A169B02E9E7DB100D5EC /* libPods-ClozbzUITests.a */ = {isa = PBXFileReference; explicitFileType = archive.ar; includeInIndex = 0; path = "libPods-ClozbzUITests.a"; sourceTree = BUILT_PRODUCTS_DIR; };
		6B6831BF1E84E930000E2965 /* Home_ViewController.h */ = {isa = PBXFileReference; fileEncoding = 4; lastKnownFileType = sourcecode.c.h; path = Home_ViewController.h; sourceTree = "<group>"; };
		6B6831C01E84E930000E2965 /* Home_ViewController.m */ = {isa = PBXFileReference; fileEncoding = 4; lastKnownFileType = sourcecode.c.objc; path = Home_ViewController.m; sourceTree = "<group>"; };
		6B6831C11E84E930000E2965 /* Home_ViewController.xib */ = {isa = PBXFileReference; fileEncoding = 4; lastKnownFileType = file.xib; path = Home_ViewController.xib; sourceTree = "<group>"; };
		6B6831C41E84EAC9000E2965 /* arrow_3x.png */ = {isa = PBXFileReference; lastKnownFileType = image.png; path = arrow_3x.png; sourceTree = "<group>"; };
		6B7B940B1E8A337B00D32B7D /* JMOTableViewCell.h */ = {isa = PBXFileReference; fileEncoding = 4; lastKnownFileType = sourcecode.c.h; path = JMOTableViewCell.h; sourceTree = "<group>"; };
		6B7B940C1E8A337B00D32B7D /* JMOTableViewCell.xib */ = {isa = PBXFileReference; fileEncoding = 4; lastKnownFileType = file.xib; path = JMOTableViewCell.xib; sourceTree = "<group>"; };
		6B7B940D1E8A337B00D32B7D /* JMOTableViewCell.m */ = {isa = PBXFileReference; fileEncoding = 4; lastKnownFileType = sourcecode.c.objc; path = JMOTableViewCell.m; sourceTree = "<group>"; };
		6B7B94101E8A350200D32B7D /* searchPopupVIew.m */ = {isa = PBXFileReference; fileEncoding = 4; lastKnownFileType = sourcecode.c.objc; path = searchPopupVIew.m; sourceTree = "<group>"; };
		6B7B94111E8A350200D32B7D /* searchPopupVIew.h */ = {isa = PBXFileReference; fileEncoding = 4; lastKnownFileType = sourcecode.c.h; path = searchPopupVIew.h; sourceTree = "<group>"; };
		6B7B94131E8A477300D32B7D /* 240_male.png */ = {isa = PBXFileReference; lastKnownFileType = image.png; path = 240_male.png; sourceTree = "<group>"; };
		6B7B94151E8A4BC800D32B7D /* menu_3x.png */ = {isa = PBXFileReference; lastKnownFileType = image.png; path = menu_3x.png; sourceTree = "<group>"; };
		C034C478E503DFFFF83EDD62 /* Pods-ClozbzTests.debug.xcconfig */ = {isa = PBXFileReference; includeInIndex = 1; lastKnownFileType = text.xcconfig; name = "Pods-ClozbzTests.debug.xcconfig"; path = "Pods/Target Support Files/Pods-ClozbzTests/Pods-ClozbzTests.debug.xcconfig"; sourceTree = "<group>"; };
		DF92C8A95A97B9EDF402D1C1 /* libPods-ClozbzTests.a */ = {isa = PBXFileReference; explicitFileType = archive.ar; includeInIndex = 0; path = "libPods-ClozbzTests.a"; sourceTree = BUILT_PRODUCTS_DIR; };
		E4051E4F9EADD81997358995 /* Pods-ClozbzUITests.debug.xcconfig */ = {isa = PBXFileReference; includeInIndex = 1; lastKnownFileType = text.xcconfig; name = "Pods-ClozbzUITests.debug.xcconfig"; path = "Pods/Target Support Files/Pods-ClozbzUITests/Pods-ClozbzUITests.debug.xcconfig"; sourceTree = "<group>"; };
		E4346E966669254E7A93DCB2 /* Pods-ClozbzUITests.release.xcconfig */ = {isa = PBXFileReference; includeInIndex = 1; lastKnownFileType = text.xcconfig; name = "Pods-ClozbzUITests.release.xcconfig"; path = "Pods/Target Support Files/Pods-ClozbzUITests/Pods-ClozbzUITests.release.xcconfig"; sourceTree = "<group>"; };
/* End PBXFileReference section */

/* Begin PBXFrameworksBuildPhase section */
		3230848A1E7AF208002E1D8F /* Frameworks */ = {
			isa = PBXFrameworksBuildPhase;
			buildActionMask = 2147483647;
			files = (
				32DFBC921E84C6080064D9E0 /* LocalAuthentication.framework in Frameworks */,
				32DFBC901E84C6010064D9E0 /* CoreLocation.framework in Frameworks */,
				7D7F35149FEF7652732FC92A /* libPods-Clozbz.a in Frameworks */,
			);
			runOnlyForDeploymentPostprocessing = 0;
		};
		323084A61E7AF20D002E1D8F /* Frameworks */ = {
			isa = PBXFrameworksBuildPhase;
			buildActionMask = 2147483647;
			files = (
				81B7519B99CADBF60DC0FF8B /* libPods-ClozbzTests.a in Frameworks */,
			);
			runOnlyForDeploymentPostprocessing = 0;
		};
		323084B11E7AF20D002E1D8F /* Frameworks */ = {
			isa = PBXFrameworksBuildPhase;
			buildActionMask = 2147483647;
			files = (
				120FF3BE1B615B8459AC6693 /* libPods-ClozbzUITests.a in Frameworks */,
			);
			runOnlyForDeploymentPostprocessing = 0;
		};
/* End PBXFrameworksBuildPhase section */

/* Begin PBXGroup section */
		32089FAD1E7D5C19009B3F87 /* FloatLabel */ = {
			isa = PBXGroup;
			children = (
				323084C81E7AFDAB002E1D8F /* UIFloatLabelTextField.h */,
				323084C91E7AFDAB002E1D8F /* UIFloatLabelTextField.m */,
			);
			name = FloatLabel;
			sourceTree = "<group>";
		};
		32089FBE1E7D5C7E009B3F87 /* CRToast */ = {
			isa = PBXGroup;
			children = (
				32089FAE1E7D5C66009B3F87 /* CRToastConfig.h */,
				32089FAF1E7D5C66009B3F87 /* CRToastConfig.m */,
				32089FB01E7D5C66009B3F87 /* CRToastLayoutHelpers.h */,
				32089FB11E7D5C66009B3F87 /* CRToastManager.h */,
				32089FB21E7D5C66009B3F87 /* CRToastManager.m */,
				32089FB31E7D5C66009B3F87 /* CRToastView.h */,
				32089FB41E7D5C66009B3F87 /* CRToastView.m */,
				32089FB51E7D5C66009B3F87 /* CRToastViewController.h */,
				32089FB61E7D5C66009B3F87 /* CRToastViewController.m */,
				32089FB71E7D5C66009B3F87 /* CRToastWindow.h */,
				32089FB81E7D5C66009B3F87 /* CRToastWindow.m */,
			);
			name = CRToast;
			sourceTree = "<group>";
		};
		323084841E7AF208002E1D8F = {
			isa = PBXGroup;
			children = (
				3230848F1E7AF20C002E1D8F /* Clozbz */,
				323084AC1E7AF20D002E1D8F /* ClozbzTests */,
				323084B71E7AF20D002E1D8F /* ClozbzUITests */,
				3230848E1E7AF20C002E1D8F /* Products */,
				EDE9243D442B677F1B26D2C1 /* Pods */,
				95415520FD5EF91BF17B26FD /* Frameworks */,
			);
			sourceTree = "<group>";
		};
		3230848E1E7AF20C002E1D8F /* Products */ = {
			isa = PBXGroup;
			children = (
				3230848D1E7AF20C002E1D8F /* Clozbz.app */,
				323084A91E7AF20D002E1D8F /* ClozbzTests.xctest */,
				323084B41E7AF20D002E1D8F /* ClozbzUITests.xctest */,
			);
			name = Products;
			sourceTree = "<group>";
		};
		3230848F1E7AF20C002E1D8F /* Clozbz */ = {
			isa = PBXGroup;
			children = (
				32089FC61E7F8B3B009B3F87 /* Clozbz.entitlements */,
				323084C61E7AFC7E002E1D8F /* login_bg.jpg */,
				323563981E98FACD00C26449 /* add_post.png */,
				323563991E98FACE00C26449 /* filter.png */,
				32942DA11E8173B3000A416F /* loading_players.gif */,
				6B6831C41E84EAC9000E2965 /* arrow_3x.png */,
				32942DA21E8173B3000A416F /* splash.jpg */,
				6B7B94151E8A4BC800D32B7D /* menu_3x.png */,
				6B7B94131E8A477300D32B7D /* 240_male.png */,
				323084CB1E7AFDB1002E1D8F /* Frameworks */,
				323084931E7AF20C002E1D8F /* AppDelegate.h */,
				323084941E7AF20C002E1D8F /* AppDelegate.m */,
				323084961E7AF20C002E1D8F /* ViewController.h */,
				323084971E7AF20C002E1D8F /* ViewController.m */,
				323084991E7AF20C002E1D8F /* Main.storyboard */,
				323084D11E7B06C3002E1D8F /* Registration.h */,
				323084D21E7B06C3002E1D8F /* Registration.m */,
				323084D31E7B06C3002E1D8F /* Registration.xib */,
				32089FC11E7D94F9009B3F87 /* Dashboard_page.h */,
				32089FC21E7D94FA009B3F87 /* Dashboard_page.m */,
				32089FC31E7D94FA009B3F87 /* Dashboard_page.xib */,
				6B6831BF1E84E930000E2965 /* Home_ViewController.h */,
				6B6831C01E84E930000E2965 /* Home_ViewController.m */,
				6B6831C11E84E930000E2965 /* Home_ViewController.xib */,
				32EBF4AE1E949AE80050D6DE /* Post_Add.h */,
				32EBF4AF1E949AE80050D6DE /* Post_Add.m */,
				32EBF4B01E949AE80050D6DE /* Post_Add.xib */,
				32EBF4A91E940DCC0050D6DE /* Pic_Cell.xib */,
				32EBF4AA1E940DCC0050D6DE /* Pic_Cell.m */,
				32EBF4AB1E940DCC0050D6DE /* Pic_Cell.h */,
				6B7B940B1E8A337B00D32B7D /* JMOTableViewCell.h */,
				6B7B940C1E8A337B00D32B7D /* JMOTableViewCell.xib */,
				6B7B940D1E8A337B00D32B7D /* JMOTableViewCell.m */,
				6B7B94101E8A350200D32B7D /* searchPopupVIew.m */,
				6B7B94111E8A350200D32B7D /* searchPopupVIew.h */,
				3230849F1E7AF20C002E1D8F /* Assets.xcassets */,
				323084A11E7AF20C002E1D8F /* LaunchScreen.storyboard */,
				323084A41E7AF20C002E1D8F /* Info.plist */,
				3230849C1E7AF20C002E1D8F /* Clozbz.xcdatamodeld */,
				323084901E7AF20C002E1D8F /* Supporting Files */,
			);
			path = Clozbz;
			sourceTree = "<group>";
		};
		323084901E7AF20C002E1D8F /* Supporting Files */ = {
			isa = PBXGroup;
			children = (
				323084911E7AF20C002E1D8F /* main.m */,
			);
			name = "Supporting Files";
			sourceTree = "<group>";
		};
		323084AC1E7AF20D002E1D8F /* ClozbzTests */ = {
			isa = PBXGroup;
			children = (
				323084AD1E7AF20D002E1D8F /* ClozbzTests.m */,
				323084AF1E7AF20D002E1D8F /* Info.plist */,
			);
			path = ClozbzTests;
			sourceTree = "<group>";
		};
		323084B71E7AF20D002E1D8F /* ClozbzUITests */ = {
			isa = PBXGroup;
			children = (
				323084B81E7AF20D002E1D8F /* ClozbzUITests.m */,
				323084BA1E7AF20D002E1D8F /* Info.plist */,
			);
			path = ClozbzUITests;
			sourceTree = "<group>";
		};
		323084CB1E7AFDB1002E1D8F /* Frameworks */ = {
			isa = PBXGroup;
			children = (
				32089FBF1E7D6508009B3F87 /* GoogleService-Info.plist */,
				32942DA01E8172BE000A416F /* YL_image */,
				32089FBE1E7D5C7E009B3F87 /* CRToast */,
				32089FAD1E7D5C19009B3F87 /* FloatLabel */,
			);
			name = Frameworks;
			sourceTree = "<group>";
		};
		32942DA01E8172BE000A416F /* YL_image */ = {
			isa = PBXGroup;
			children = (
				32942D9A1E8172BA000A416F /* YLGIFImage.h */,
				32942D9B1E8172BA000A416F /* YLGIFImage.m */,
				32942D9C1E8172BA000A416F /* YLImageView.h */,
				32942D9D1E8172BA000A416F /* YLImageView.m */,
			);
			name = YL_image;
			sourceTree = "<group>";
		};
		95415520FD5EF91BF17B26FD /* Frameworks */ = {
			isa = PBXGroup;
			children = (
				32DFBC911E84C6080064D9E0 /* LocalAuthentication.framework */,
				32DFBC8F1E84C6000064D9E0 /* CoreLocation.framework */,
				46AE8902D62DDE7E418F38E2 /* libPods-Clozbz.a */,
				DF92C8A95A97B9EDF402D1C1 /* libPods-ClozbzTests.a */,
				5D15A169B02E9E7DB100D5EC /* libPods-ClozbzUITests.a */,
			);
			name = Frameworks;
			sourceTree = "<group>";
		};
		EDE9243D442B677F1B26D2C1 /* Pods */ = {
			isa = PBXGroup;
			children = (
				03140BB0519283DBB507F757 /* Pods-Clozbz.debug.xcconfig */,
				56E1592B7958BAC11E530273 /* Pods-Clozbz.release.xcconfig */,
				C034C478E503DFFFF83EDD62 /* Pods-ClozbzTests.debug.xcconfig */,
				052F66178C153B88745A5D83 /* Pods-ClozbzTests.release.xcconfig */,
				E4051E4F9EADD81997358995 /* Pods-ClozbzUITests.debug.xcconfig */,
				E4346E966669254E7A93DCB2 /* Pods-ClozbzUITests.release.xcconfig */,
			);
			name = Pods;
			sourceTree = "<group>";
		};
/* End PBXGroup section */

/* Begin PBXNativeTarget section */
		3230848C1E7AF208002E1D8F /* Clozbz */ = {
			isa = PBXNativeTarget;
			buildConfigurationList = 323084BD1E7AF20D002E1D8F /* Build configuration list for PBXNativeTarget "Clozbz" */;
			buildPhases = (
				2A3A4AD6C180E6A5282604B6 /* [CP] Check Pods Manifest.lock */,
				323084891E7AF208002E1D8F /* Sources */,
				3230848A1E7AF208002E1D8F /* Frameworks */,
				3230848B1E7AF208002E1D8F /* Resources */,
				C9F3181A7A989903E9C42066 /* [CP] Embed Pods Frameworks */,
				899843D3DF89D06111040105 /* [CP] Copy Pods Resources */,
			);
			buildRules = (
			);
			dependencies = (
			);
			name = Clozbz;
			productName = Clozbz;
			productReference = 3230848D1E7AF20C002E1D8F /* Clozbz.app */;
			productType = "com.apple.product-type.application";
		};
		323084A81E7AF20D002E1D8F /* ClozbzTests */ = {
			isa = PBXNativeTarget;
			buildConfigurationList = 323084C01E7AF20D002E1D8F /* Build configuration list for PBXNativeTarget "ClozbzTests" */;
			buildPhases = (
				C72D4FB73B24DDA90A0C0F01 /* [CP] Check Pods Manifest.lock */,
				323084A51E7AF20D002E1D8F /* Sources */,
				323084A61E7AF20D002E1D8F /* Frameworks */,
				323084A71E7AF20D002E1D8F /* Resources */,
				D343EBB144FCDC9FB71EC78E /* [CP] Embed Pods Frameworks */,
				3E7780737379ACB8A0429B62 /* [CP] Copy Pods Resources */,
			);
			buildRules = (
			);
			dependencies = (
				323084AB1E7AF20D002E1D8F /* PBXTargetDependency */,
			);
			name = ClozbzTests;
			productName = ClozbzTests;
			productReference = 323084A91E7AF20D002E1D8F /* ClozbzTests.xctest */;
			productType = "com.apple.product-type.bundle.unit-test";
		};
		323084B31E7AF20D002E1D8F /* ClozbzUITests */ = {
			isa = PBXNativeTarget;
			buildConfigurationList = 323084C31E7AF20D002E1D8F /* Build configuration list for PBXNativeTarget "ClozbzUITests" */;
			buildPhases = (
				F5A41F511CD66C7D83D0B1BF /* [CP] Check Pods Manifest.lock */,
				323084B01E7AF20D002E1D8F /* Sources */,
				323084B11E7AF20D002E1D8F /* Frameworks */,
				323084B21E7AF20D002E1D8F /* Resources */,
				C2468D65999EDC4725E42BC5 /* [CP] Embed Pods Frameworks */,
				9BD9C940D72678A18274F5DF /* [CP] Copy Pods Resources */,
			);
			buildRules = (
			);
			dependencies = (
				323084B61E7AF20D002E1D8F /* PBXTargetDependency */,
			);
			name = ClozbzUITests;
			productName = ClozbzUITests;
			productReference = 323084B41E7AF20D002E1D8F /* ClozbzUITests.xctest */;
			productType = "com.apple.product-type.bundle.ui-testing";
		};
/* End PBXNativeTarget section */

/* Begin PBXProject section */
		323084851E7AF208002E1D8F /* Project object */ = {
			isa = PBXProject;
			attributes = {
				LastUpgradeCheck = 0820;
				ORGANIZATIONNAME = sai;
				TargetAttributes = {
					3230848C1E7AF208002E1D8F = {
						CreatedOnToolsVersion = 8.2.1;
						DevelopmentTeam = P9GVGHM5X2;
						ProvisioningStyle = Automatic;
						SystemCapabilities = {
							com.apple.Keychain = {
								enabled = 1;
							};
						};
					};
					323084A81E7AF20D002E1D8F = {
						CreatedOnToolsVersion = 8.2.1;
						ProvisioningStyle = Automatic;
						TestTargetID = 3230848C1E7AF208002E1D8F;
					};
					323084B31E7AF20D002E1D8F = {
						CreatedOnToolsVersion = 8.2.1;
						ProvisioningStyle = Automatic;
						TestTargetID = 3230848C1E7AF208002E1D8F;
					};
				};
			};
			buildConfigurationList = 323084881E7AF208002E1D8F /* Build configuration list for PBXProject "Clozbz" */;
			compatibilityVersion = "Xcode 3.2";
			developmentRegion = English;
			hasScannedForEncodings = 0;
			knownRegions = (
				en,
				Base,
			);
			mainGroup = 323084841E7AF208002E1D8F;
			productRefGroup = 3230848E1E7AF20C002E1D8F /* Products */;
			projectDirPath = "";
			projectRoot = "";
			targets = (
				3230848C1E7AF208002E1D8F /* Clozbz */,
				323084A81E7AF20D002E1D8F /* ClozbzTests */,
				323084B31E7AF20D002E1D8F /* ClozbzUITests */,
			);
		};
/* End PBXProject section */

/* Begin PBXResourcesBuildPhase section */
		3230848B1E7AF208002E1D8F /* Resources */ = {
			isa = PBXResourcesBuildPhase;
			buildActionMask = 2147483647;
			files = (
				323084C71E7AFC7E002E1D8F /* login_bg.jpg in Resources */,
				6B7B94161E8A4BC800D32B7D /* menu_3x.png in Resources */,
				323084A31E7AF20C002E1D8F /* LaunchScreen.storyboard in Resources */,
				32089FC51E7D94FA009B3F87 /* Dashboard_page.xib in Resources */,
				6B6831C31E84E930000E2965 /* Home_ViewController.xib in Resources */,
				6B7B94141E8A477300D32B7D /* 240_male.png in Resources */,
				32942DA41E8173B3000A416F /* splash.jpg in Resources */,
				323084D51E7B06C3002E1D8F /* Registration.xib in Resources */,
				6B6831C51E84EAC9000E2965 /* arrow_3x.png in Resources */,
				32942DA31E8173B3000A416F /* loading_players.gif in Resources */,
				323084A01E7AF20C002E1D8F /* Assets.xcassets in Resources */,
				32EBF4B21E949AE80050D6DE /* Post_Add.xib in Resources */,
				32EBF4AC1E940DCC0050D6DE /* Pic_Cell.xib in Resources */,
				3235639B1E98FACF00C26449 /* filter.png in Resources */,
				3235639A1E98FACE00C26449 /* add_post.png in Resources */,
				3230849B1E7AF20C002E1D8F /* Main.storyboard in Resources */,
				6B7B940E1E8A337B00D32B7D /* JMOTableViewCell.xib in Resources */,
				32089FC01E7D6508009B3F87 /* GoogleService-Info.plist in Resources */,
			);
			runOnlyForDeploymentPostprocessing = 0;
		};
		323084A71E7AF20D002E1D8F /* Resources */ = {
			isa = PBXResourcesBuildPhase;
			buildActionMask = 2147483647;
			files = (
			);
			runOnlyForDeploymentPostprocessing = 0;
		};
		323084B21E7AF20D002E1D8F /* Resources */ = {
			isa = PBXResourcesBuildPhase;
			buildActionMask = 2147483647;
			files = (
			);
			runOnlyForDeploymentPostprocessing = 0;
		};
/* End PBXResourcesBuildPhase section */

/* Begin PBXShellScriptBuildPhase section */
		2A3A4AD6C180E6A5282604B6 /* [CP] Check Pods Manifest.lock */ = {
			isa = PBXShellScriptBuildPhase;
			buildActionMask = 2147483647;
			files = (
			);
			inputPaths = (
			);
			name = "[CP] Check Pods Manifest.lock";
			outputPaths = (
			);
			runOnlyForDeploymentPostprocessing = 0;
			shellPath = /bin/sh;
			shellScript = "diff \"${PODS_ROOT}/../Podfile.lock\" \"${PODS_ROOT}/Manifest.lock\" > /dev/null\nif [ $? != 0 ] ; then\n    # print error to STDERR\n    echo \"error: The sandbox is not in sync with the Podfile.lock. Run 'pod install' or update your CocoaPods installation.\" >&2\n    exit 1\nfi\n";
			showEnvVarsInLog = 0;
		};
		3E7780737379ACB8A0429B62 /* [CP] Copy Pods Resources */ = {
			isa = PBXShellScriptBuildPhase;
			buildActionMask = 2147483647;
			files = (
			);
			inputPaths = (
			);
			name = "[CP] Copy Pods Resources";
			outputPaths = (
			);
			runOnlyForDeploymentPostprocessing = 0;
			shellPath = /bin/sh;
			shellScript = "\"${SRCROOT}/Pods/Target Support Files/Pods-ClozbzTests/Pods-ClozbzTests-resources.sh\"\n";
			showEnvVarsInLog = 0;
		};
		899843D3DF89D06111040105 /* [CP] Copy Pods Resources */ = {
			isa = PBXShellScriptBuildPhase;
			buildActionMask = 2147483647;
			files = (
			);
			inputPaths = (
			);
			name = "[CP] Copy Pods Resources";
			outputPaths = (
			);
			runOnlyForDeploymentPostprocessing = 0;
			shellPath = /bin/sh;
			shellScript = "\"${SRCROOT}/Pods/Target Support Files/Pods-Clozbz/Pods-Clozbz-resources.sh\"\n";
			showEnvVarsInLog = 0;
		};
		9BD9C940D72678A18274F5DF /* [CP] Copy Pods Resources */ = {
			isa = PBXShellScriptBuildPhase;
			buildActionMask = 2147483647;
			files = (
			);
			inputPaths = (
			);
			name = "[CP] Copy Pods Resources";
			outputPaths = (
			);
			runOnlyForDeploymentPostprocessing = 0;
			shellPath = /bin/sh;
			shellScript = "\"${SRCROOT}/Pods/Target Support Files/Pods-ClozbzUITests/Pods-ClozbzUITests-resources.sh\"\n";
			showEnvVarsInLog = 0;
		};
		C2468D65999EDC4725E42BC5 /* [CP] Embed Pods Frameworks */ = {
			isa = PBXShellScriptBuildPhase;
			buildActionMask = 2147483647;
			files = (
			);
			inputPaths = (
			);
			name = "[CP] Embed Pods Frameworks";
			outputPaths = (
			);
			runOnlyForDeploymentPostprocessing = 0;
			shellPath = /bin/sh;
			shellScript = "\"${SRCROOT}/Pods/Target Support Files/Pods-ClozbzUITests/Pods-ClozbzUITests-frameworks.sh\"\n";
			showEnvVarsInLog = 0;
		};
		C72D4FB73B24DDA90A0C0F01 /* [CP] Check Pods Manifest.lock */ = {
			isa = PBXShellScriptBuildPhase;
			buildActionMask = 2147483647;
			files = (
			);
			inputPaths = (
			);
			name = "[CP] Check Pods Manifest.lock";
			outputPaths = (
			);
			runOnlyForDeploymentPostprocessing = 0;
			shellPath = /bin/sh;
			shellScript = "diff \"${PODS_ROOT}/../Podfile.lock\" \"${PODS_ROOT}/Manifest.lock\" > /dev/null\nif [ $? != 0 ] ; then\n    # print error to STDERR\n    echo \"error: The sandbox is not in sync with the Podfile.lock. Run 'pod install' or update your CocoaPods installation.\" >&2\n    exit 1\nfi\n";
			showEnvVarsInLog = 0;
		};
		C9F3181A7A989903E9C42066 /* [CP] Embed Pods Frameworks */ = {
			isa = PBXShellScriptBuildPhase;
			buildActionMask = 2147483647;
			files = (
			);
			inputPaths = (
			);
			name = "[CP] Embed Pods Frameworks";
			outputPaths = (
			);
			runOnlyForDeploymentPostprocessing = 0;
			shellPath = /bin/sh;
			shellScript = "\"${SRCROOT}/Pods/Target Support Files/Pods-Clozbz/Pods-Clozbz-frameworks.sh\"\n";
			showEnvVarsInLog = 0;
		};
		D343EBB144FCDC9FB71EC78E /* [CP] Embed Pods Frameworks */ = {
			isa = PBXShellScriptBuildPhase;
			buildActionMask = 2147483647;
			files = (
			);
			inputPaths = (
			);
			name = "[CP] Embed Pods Frameworks";
			outputPaths = (
			);
			runOnlyForDeploymentPostprocessing = 0;
			shellPath = /bin/sh;
			shellScript = "\"${SRCROOT}/Pods/Target Support Files/Pods-ClozbzTests/Pods-ClozbzTests-frameworks.sh\"\n";
			showEnvVarsInLog = 0;
		};
		F5A41F511CD66C7D83D0B1BF /* [CP] Check Pods Manifest.lock */ = {
			isa = PBXShellScriptBuildPhase;
			buildActionMask = 2147483647;
			files = (
			);
			inputPaths = (
			);
			name = "[CP] Check Pods Manifest.lock";
			outputPaths = (
			);
			runOnlyForDeploymentPostprocessing = 0;
			shellPath = /bin/sh;
			shellScript = "diff \"${PODS_ROOT}/../Podfile.lock\" \"${PODS_ROOT}/Manifest.lock\" > /dev/null\nif [ $? != 0 ] ; then\n    # print error to STDERR\n    echo \"error: The sandbox is not in sync with the Podfile.lock. Run 'pod install' or update your CocoaPods installation.\" >&2\n    exit 1\nfi\n";
			showEnvVarsInLog = 0;
		};
/* End PBXShellScriptBuildPhase section */

/* Begin PBXSourcesBuildPhase section */
		323084891E7AF208002E1D8F /* Sources */ = {
			isa = PBXSourcesBuildPhase;
			buildActionMask = 2147483647;
			files = (
				323084981E7AF20C002E1D8F /* ViewController.m in Sources */,
				32EBF4B11E949AE80050D6DE /* Post_Add.m in Sources */,
				32089FBC1E7D5C67009B3F87 /* CRToastViewController.m in Sources */,
				323084951E7AF20C002E1D8F /* AppDelegate.m in Sources */,
				6B7B94121E8A350200D32B7D /* searchPopupVIew.m in Sources */,
				32089FC41E7D94FA009B3F87 /* Dashboard_page.m in Sources */,
				32089FBB1E7D5C67009B3F87 /* CRToastView.m in Sources */,
				32089FB91E7D5C67009B3F87 /* CRToastConfig.m in Sources */,
				6B7B940F1E8A337B00D32B7D /* JMOTableViewCell.m in Sources */,
				323084D41E7B06C3002E1D8F /* Registration.m in Sources */,
				32942D9F1E8172BA000A416F /* YLImageView.m in Sources */,
				32942D9E1E8172BA000A416F /* YLGIFImage.m in Sources */,
				323084CA1E7AFDAB002E1D8F /* UIFloatLabelTextField.m in Sources */,
				323084921E7AF20C002E1D8F /* main.m in Sources */,
				32089FBA1E7D5C67009B3F87 /* CRToastManager.m in Sources */,
				32EBF4AD1E940DCC0050D6DE /* Pic_Cell.m in Sources */,
				6B6831C21E84E930000E2965 /* Home_ViewController.m in Sources */,
				3230849E1E7AF20C002E1D8F /* Clozbz.xcdatamodeld in Sources */,
				32089FBD1E7D5C67009B3F87 /* CRToastWindow.m in Sources */,
			);
			runOnlyForDeploymentPostprocessing = 0;
		};
		323084A51E7AF20D002E1D8F /* Sources */ = {
			isa = PBXSourcesBuildPhase;
			buildActionMask = 2147483647;
			files = (
				323084AE1E7AF20D002E1D8F /* ClozbzTests.m in Sources */,
			);
			runOnlyForDeploymentPostprocessing = 0;
		};
		323084B01E7AF20D002E1D8F /* Sources */ = {
			isa = PBXSourcesBuildPhase;
			buildActionMask = 2147483647;
			files = (
				323084B91E7AF20D002E1D8F /* ClozbzUITests.m in Sources */,
			);
			runOnlyForDeploymentPostprocessing = 0;
		};
/* End PBXSourcesBuildPhase section */

/* Begin PBXTargetDependency section */
		323084AB1E7AF20D002E1D8F /* PBXTargetDependency */ = {
			isa = PBXTargetDependency;
			target = 3230848C1E7AF208002E1D8F /* Clozbz */;
			targetProxy = 323084AA1E7AF20D002E1D8F /* PBXContainerItemProxy */;
		};
		323084B61E7AF20D002E1D8F /* PBXTargetDependency */ = {
			isa = PBXTargetDependency;
			target = 3230848C1E7AF208002E1D8F /* Clozbz */;
			targetProxy = 323084B51E7AF20D002E1D8F /* PBXContainerItemProxy */;
		};
/* End PBXTargetDependency section */

/* Begin PBXVariantGroup section */
		323084991E7AF20C002E1D8F /* Main.storyboard */ = {
			isa = PBXVariantGroup;
			children = (
				3230849A1E7AF20C002E1D8F /* Base */,
			);
			name = Main.storyboard;
			sourceTree = "<group>";
		};
		323084A11E7AF20C002E1D8F /* LaunchScreen.storyboard */ = {
			isa = PBXVariantGroup;
			children = (
				323084A21E7AF20C002E1D8F /* Base */,
			);
			name = LaunchScreen.storyboard;
			sourceTree = "<group>";
		};
/* End PBXVariantGroup section */

/* Begin XCBuildConfiguration section */
		323084BB1E7AF20D002E1D8F /* Debug */ = {
			isa = XCBuildConfiguration;
			buildSettings = {
				ALWAYS_SEARCH_USER_PATHS = NO;
				CLANG_ANALYZER_NONNULL = YES;
				CLANG_CXX_LANGUAGE_STANDARD = "gnu++0x";
				CLANG_CXX_LIBRARY = "libc++";
				CLANG_ENABLE_MODULES = YES;
				CLANG_ENABLE_OBJC_ARC = YES;
				CLANG_WARN_BOOL_CONVERSION = YES;
				CLANG_WARN_CONSTANT_CONVERSION = YES;
				CLANG_WARN_DIRECT_OBJC_ISA_USAGE = YES_ERROR;
				CLANG_WARN_DOCUMENTATION_COMMENTS = YES;
				CLANG_WARN_EMPTY_BODY = YES;
				CLANG_WARN_ENUM_CONVERSION = YES;
				CLANG_WARN_INFINITE_RECURSION = YES;
				CLANG_WARN_INT_CONVERSION = YES;
				CLANG_WARN_OBJC_ROOT_CLASS = YES_ERROR;
				CLANG_WARN_SUSPICIOUS_MOVE = YES;
				CLANG_WARN_UNREACHABLE_CODE = YES;
				CLANG_WARN__DUPLICATE_METHOD_MATCH = YES;
				"CODE_SIGN_IDENTITY[sdk=iphoneos*]" = "iPhone Developer";
				COPY_PHASE_STRIP = NO;
				DEBUG_INFORMATION_FORMAT = dwarf;
				ENABLE_STRICT_OBJC_MSGSEND = YES;
				ENABLE_TESTABILITY = YES;
				GCC_C_LANGUAGE_STANDARD = gnu99;
				GCC_DYNAMIC_NO_PIC = NO;
				GCC_NO_COMMON_BLOCKS = YES;
				GCC_OPTIMIZATION_LEVEL = 0;
				GCC_PREPROCESSOR_DEFINITIONS = (
					"DEBUG=1",
					"$(inherited)",
				);
				GCC_WARN_64_TO_32_BIT_CONVERSION = YES;
				GCC_WARN_ABOUT_RETURN_TYPE = YES_ERROR;
				GCC_WARN_UNDECLARED_SELECTOR = YES;
				GCC_WARN_UNINITIALIZED_AUTOS = YES_AGGRESSIVE;
				GCC_WARN_UNUSED_FUNCTION = YES;
				GCC_WARN_UNUSED_VARIABLE = YES;
				IPHONEOS_DEPLOYMENT_TARGET = 10.2;
				MTL_ENABLE_DEBUG_INFO = YES;
				ONLY_ACTIVE_ARCH = YES;
				SDKROOT = iphoneos;
			};
			name = Debug;
		};
		323084BC1E7AF20D002E1D8F /* Release */ = {
			isa = XCBuildConfiguration;
			buildSettings = {
				ALWAYS_SEARCH_USER_PATHS = NO;
				CLANG_ANALYZER_NONNULL = YES;
				CLANG_CXX_LANGUAGE_STANDARD = "gnu++0x";
				CLANG_CXX_LIBRARY = "libc++";
				CLANG_ENABLE_MODULES = YES;
				CLANG_ENABLE_OBJC_ARC = YES;
				CLANG_WARN_BOOL_CONVERSION = YES;
				CLANG_WARN_CONSTANT_CONVERSION = YES;
				CLANG_WARN_DIRECT_OBJC_ISA_USAGE = YES_ERROR;
				CLANG_WARN_DOCUMENTATION_COMMENTS = YES;
				CLANG_WARN_EMPTY_BODY = YES;
				CLANG_WARN_ENUM_CONVERSION = YES;
				CLANG_WARN_INFINITE_RECURSION = YES;
				CLANG_WARN_INT_CONVERSION = YES;
				CLANG_WARN_OBJC_ROOT_CLASS = YES_ERROR;
				CLANG_WARN_SUSPICIOUS_MOVE = YES;
				CLANG_WARN_UNREACHABLE_CODE = YES;
				CLANG_WARN__DUPLICATE_METHOD_MATCH = YES;
				"CODE_SIGN_IDENTITY[sdk=iphoneos*]" = "iPhone Developer";
				COPY_PHASE_STRIP = NO;
				DEBUG_INFORMATION_FORMAT = "dwarf-with-dsym";
				ENABLE_NS_ASSERTIONS = NO;
				ENABLE_STRICT_OBJC_MSGSEND = YES;
				GCC_C_LANGUAGE_STANDARD = gnu99;
				GCC_NO_COMMON_BLOCKS = YES;
				GCC_WARN_64_TO_32_BIT_CONVERSION = YES;
				GCC_WARN_ABOUT_RETURN_TYPE = YES_ERROR;
				GCC_WARN_UNDECLARED_SELECTOR = YES;
				GCC_WARN_UNINITIALIZED_AUTOS = YES_AGGRESSIVE;
				GCC_WARN_UNUSED_FUNCTION = YES;
				GCC_WARN_UNUSED_VARIABLE = YES;
				IPHONEOS_DEPLOYMENT_TARGET = 10.2;
				MTL_ENABLE_DEBUG_INFO = NO;
				SDKROOT = iphoneos;
				VALIDATE_PRODUCT = YES;
			};
			name = Release;
		};
		323084BE1E7AF20D002E1D8F /* Debug */ = {
			isa = XCBuildConfiguration;
			baseConfigurationReference = 03140BB0519283DBB507F757 /* Pods-Clozbz.debug.xcconfig */;
			buildSettings = {
				ASSETCATALOG_COMPILER_APPICON_NAME = AppIcon;
				CODE_SIGN_ENTITLEMENTS = Clozbz/Clozbz.entitlements;
				DEVELOPMENT_TEAM = P9GVGHM5X2;
				INFOPLIST_FILE = Clozbz/Info.plist;
				LD_RUNPATH_SEARCH_PATHS = "$(inherited) @executable_path/Frameworks";
				PRODUCT_BUNDLE_IDENTIFIER = com.JSK.Clozbz;
				PRODUCT_NAME = "$(TARGET_NAME)";
			};
			name = Debug;
		};
		323084BF1E7AF20D002E1D8F /* Release */ = {
			isa = XCBuildConfiguration;
			baseConfigurationReference = 56E1592B7958BAC11E530273 /* Pods-Clozbz.release.xcconfig */;
			buildSettings = {
				ASSETCATALOG_COMPILER_APPICON_NAME = AppIcon;
				CODE_SIGN_ENTITLEMENTS = Clozbz/Clozbz.entitlements;
				DEVELOPMENT_TEAM = P9GVGHM5X2;
				INFOPLIST_FILE = Clozbz/Info.plist;
				LD_RUNPATH_SEARCH_PATHS = "$(inherited) @executable_path/Frameworks";
				PRODUCT_BUNDLE_IDENTIFIER = com.JSK.Clozbz;
				PRODUCT_NAME = "$(TARGET_NAME)";
			};
			name = Release;
		};
		323084C11E7AF20D002E1D8F /* Debug */ = {
			isa = XCBuildConfiguration;
			baseConfigurationReference = C034C478E503DFFFF83EDD62 /* Pods-ClozbzTests.debug.xcconfig */;
			buildSettings = {
				BUNDLE_LOADER = "$(TEST_HOST)";
				INFOPLIST_FILE = ClozbzTests/Info.plist;
				LD_RUNPATH_SEARCH_PATHS = "$(inherited) @executable_path/Frameworks @loader_path/Frameworks";
				PRODUCT_BUNDLE_IDENTIFIER = JSK.ClozbzTests;
				PRODUCT_NAME = "$(TARGET_NAME)";
				TEST_HOST = "$(BUILT_PRODUCTS_DIR)/Clozbz.app/Clozbz";
			};
			name = Debug;
		};
		323084C21E7AF20D002E1D8F /* Release */ = {
			isa = XCBuildConfiguration;
			baseConfigurationReference = 052F66178C153B88745A5D83 /* Pods-ClozbzTests.release.xcconfig */;
			buildSettings = {
				BUNDLE_LOADER = "$(TEST_HOST)";
				INFOPLIST_FILE = ClozbzTests/Info.plist;
				LD_RUNPATH_SEARCH_PATHS = "$(inherited) @executable_path/Frameworks @loader_path/Frameworks";
				PRODUCT_BUNDLE_IDENTIFIER = JSK.ClozbzTests;
				PRODUCT_NAME = "$(TARGET_NAME)";
				TEST_HOST = "$(BUILT_PRODUCTS_DIR)/Clozbz.app/Clozbz";
			};
			name = Release;
		};
		323084C41E7AF20D002E1D8F /* Debug */ = {
			isa = XCBuildConfiguration;
			baseConfigurationReference = E4051E4F9EADD81997358995 /* Pods-ClozbzUITests.debug.xcconfig */;
			buildSettings = {
				INFOPLIST_FILE = ClozbzUITests/Info.plist;
				LD_RUNPATH_SEARCH_PATHS = "$(inherited) @executable_path/Frameworks @loader_path/Frameworks";
				PRODUCT_BUNDLE_IDENTIFIER = JSK.ClozbzUITests;
				PRODUCT_NAME = "$(TARGET_NAME)";
				TEST_TARGET_NAME = Clozbz;
			};
			name = Debug;
		};
		323084C51E7AF20D002E1D8F /* Release */ = {
			isa = XCBuildConfiguration;
			baseConfigurationReference = E4346E966669254E7A93DCB2 /* Pods-ClozbzUITests.release.xcconfig */;
			buildSettings = {
				INFOPLIST_FILE = ClozbzUITests/Info.plist;
				LD_RUNPATH_SEARCH_PATHS = "$(inherited) @executable_path/Frameworks @loader_path/Frameworks";
				PRODUCT_BUNDLE_IDENTIFIER = JSK.ClozbzUITests;
				PRODUCT_NAME = "$(TARGET_NAME)";
				TEST_TARGET_NAME = Clozbz;
			};
			name = Release;
		};
/* End XCBuildConfiguration section */

/* Begin XCConfigurationList section */
		323084881E7AF208002E1D8F /* Build configuration list for PBXProject "Clozbz" */ = {
			isa = XCConfigurationList;
			buildConfigurations = (
				323084BB1E7AF20D002E1D8F /* Debug */,
				323084BC1E7AF20D002E1D8F /* Release */,
			);
			defaultConfigurationIsVisible = 0;
			defaultConfigurationName = Release;
		};
		323084BD1E7AF20D002E1D8F /* Build configuration list for PBXNativeTarget "Clozbz" */ = {
			isa = XCConfigurationList;
			buildConfigurations = (
				323084BE1E7AF20D002E1D8F /* Debug */,
				323084BF1E7AF20D002E1D8F /* Release */,
			);
			defaultConfigurationIsVisible = 0;
			defaultConfigurationName = Release;
		};
		323084C01E7AF20D002E1D8F /* Build configuration list for PBXNativeTarget "ClozbzTests" */ = {
			isa = XCConfigurationList;
			buildConfigurations = (
				323084C11E7AF20D002E1D8F /* Debug */,
				323084C21E7AF20D002E1D8F /* Release */,
			);
			defaultConfigurationIsVisible = 0;
			defaultConfigurationName = Release;
		};
		323084C31E7AF20D002E1D8F /* Build configuration list for PBXNativeTarget "ClozbzUITests" */ = {
			isa = XCConfigurationList;
			buildConfigurations = (
				323084C41E7AF20D002E1D8F /* Debug */,
				323084C51E7AF20D002E1D8F /* Release */,
			);
			defaultConfigurationIsVisible = 0;
			defaultConfigurationName = Release;
		};
/* End XCConfigurationList section */

/* Begin XCVersionGroup section */
		3230849C1E7AF20C002E1D8F /* Clozbz.xcdatamodeld */ = {
			isa = XCVersionGroup;
			children = (
				3230849D1E7AF20C002E1D8F /* Clozbz.xcdatamodel */,
			);
			currentVersion = 3230849D1E7AF20C002E1D8F /* Clozbz.xcdatamodel */;
			path = Clozbz.xcdatamodeld;
			sourceTree = "<group>";
			versionGroupType = wrapper.xcdatamodel;
		};
/* End XCVersionGroup section */
	};
	rootObject = 323084851E7AF208002E1D8F /* Project object */;
}
